
Microsoft Visual Studio Solution File, Format Version 12.00
# Visual Studio Version 17
VisualStudioVersion = 17.0.31919.166
MinimumVisualStudioVersion = 10.0.40219.1
Project("{FAE04EC0-301F-11D3-BF4B-00C04F79EFBC}") = "V4HubTester", "V4HubTester\V4HubTester.csproj", "{945B0E34-98B4-44B4-9D0D-362909FE9C55}"
EndProject
Global
	GlobalSection(SolutionConfigurationPlatforms) = preSolution
		Debug|Any CPU = Debug|Any CPU
		Release|Any CPU = Release|Any CPU
	EndGlobalSection
	GlobalSection(ProjectConfigurationPlatforms) = postSolution
		{945B0E34-98B4-44B4-9D0D-362909FE9C55}.Debug|Any CPU.ActiveCfg = Debug|Any CPU
		{945B0E34-98B4-44B4-9D0D-362909FE9C55}.Debug|Any CPU.Build.0 = Debug|Any CPU
		{945B0E34-98B4-44B4-9D0D-362909FE9C55}.Release|Any CPU.ActiveCfg = Release|Any CPU
		{945B0E34-98B4-44B4-9D0D-362909FE9C55}.Release|Any CPU.Build.0 = Release|Any CPU
	EndGlobalSection
	GlobalSection(SolutionProperties) = preSolution
		HideSolutionNode = FALSE
	EndGlobalSection
	GlobalSection(ExtensibilityGlobals) = postSolution
		SolutionGuid = {49FC285D-64FC-4C2F-8CFD-28D34BD00DA9}
	EndGlobalSection
EndGlobal
