
Microsoft Visual Studio Solution File, Format Version 12.00
# Visual Studio Version 16
VisualStudioVersion = 16.0.31229.75
MinimumVisualStudioVersion = 10.0.40219.1
Project("{9A19103F-16F7-4668-BE54-9A1E7A4F7556}") = "PanelLabelPrinter", "PanelLabelPrinter\PanelLabelPrinter.csproj", "{34E70E13-896E-4861-8972-B0CCFFEE6065}"
EndProject
Project("{54435603-DBB4-11D2-8724-00A0C9A8B90C}") = "Setup", "Setup\Setup.vdproj", "{D8272988-1F30-4832-A5F1-08D40AB3EEAE}"
EndProject
Global
	GlobalSection(SolutionConfigurationPlatforms) = preSolution
		Debug|Any CPU = Debug|Any CPU
		Debug|x86 = Debug|x86
		Release|Any CPU = Release|Any CPU
		Release|x86 = Release|x86
	EndGlobalSection
	GlobalSection(ProjectConfigurationPlatforms) = postSolution
		{34E70E13-896E-4861-8972-B0CCFFEE6065}.Debug|Any CPU.ActiveCfg = Debug|Any CPU
		{34E70E13-896E-4861-8972-B0CCFFEE6065}.Debug|Any CPU.Build.0 = Debug|Any CPU
		{34E70E13-896E-4861-8972-B0CCFFEE6065}.Debug|x86.ActiveCfg = Debug|x86
		{34E70E13-896E-4861-8972-B0CCFFEE6065}.Debug|x86.Build.0 = Debug|x86
		{34E70E13-896E-4861-8972-B0CCFFEE6065}.Release|Any CPU.ActiveCfg = Release|Any CPU
		{34E70E13-896E-4861-8972-B0CCFFEE6065}.Release|Any CPU.Build.0 = Release|Any CPU
		{34E70E13-896E-4861-8972-B0CCFFEE6065}.Release|x86.ActiveCfg = Release|x86
		{34E70E13-896E-4861-8972-B0CCFFEE6065}.Release|x86.Build.0 = Release|x86
		{D8272988-1F30-4832-A5F1-08D40AB3EEAE}.Debug|Any CPU.ActiveCfg = Debug
		{D8272988-1F30-4832-A5F1-08D40AB3EEAE}.Debug|x86.ActiveCfg = Debug
		{D8272988-1F30-4832-A5F1-08D40AB3EEAE}.Release|Any CPU.ActiveCfg = Release
		{D8272988-1F30-4832-A5F1-08D40AB3EEAE}.Release|x86.ActiveCfg = Release
	EndGlobalSection
	GlobalSection(SolutionProperties) = preSolution
		HideSolutionNode = FALSE
	EndGlobalSection
	GlobalSection(ExtensibilityGlobals) = postSolution
		SolutionGuid = {EEF45ADA-A7BE-4DEB-A812-AD97C27BD69C}
	EndGlobalSection
EndGlobal
